// !$*UTF8*$!
{
	archiveVersion = 1;
	classes = {
	};
	objectVersion = 55;
	objects = {

/* Begin PBXBuildFile section */
		AD1ABAB22831907B00B3E448 /* AppDelegate.swift in Sources */ = {isa = PBXBuildFile; fileRef = AD1ABAB12831907B00B3E448 /* AppDelegate.swift */; };
		AD1ABAB42831907B00B3E448 /* SceneDelegate.swift in Sources */ = {isa = PBXBuildFile; fileRef = AD1ABAB32831907B00B3E448 /* SceneDelegate.swift */; };
		AD1ABAB62831907B00B3E448 /* MovieQuizViewController.swift in Sources */ = {isa = PBXBuildFile; fileRef = AD1ABAB52831907B00B3E448 /* MovieQuizViewController.swift */; };
		AD1ABAB92831907B00B3E448 /* Main.storyboard in Resources */ = {isa = PBXBuildFile; fileRef = AD1ABAB72831907B00B3E448 /* Main.storyboard */; };
		AD1ABABB2831907F00B3E448 /* Assets.xcassets in Resources */ = {isa = PBXBuildFile; fileRef = AD1ABABA2831907F00B3E448 /* Assets.xcassets */; };
		AD1ABABE2831907F00B3E448 /* LaunchScreen.storyboard in Resources */ = {isa = PBXBuildFile; fileRef = AD1ABABC2831907F00B3E448 /* LaunchScreen.storyboard */; };
		AD5EE5DE284D7887003966EF /* UIColor+Extensions.swift in Sources */ = {isa = PBXBuildFile; fileRef = AD5EE5DD284D7887003966EF /* UIColor+Extensions.swift */; };
		AD77F5742857F8810062FB14 /* Date+Extensions.swift in Sources */ = {isa = PBXBuildFile; fileRef = AD77F5732857F8810062FB14 /* Date+Extensions.swift */; };
		AD7AFA552836189F00399704 /* Array+Extensions.swift in Sources */ = {isa = PBXBuildFile; fileRef = AD7AFA542836189F00399704 /* Array+Extensions.swift */; };
		FA5D298C29284E0A008E3A16 /* YS Display-Bold.ttf in Resources */ = {isa = PBXBuildFile; fileRef = FA5D298A29284E09008E3A16 /* YS Display-Bold.ttf */; };
		FA5D298D29284E0A008E3A16 /* YS Display-Medium.ttf in Resources */ = {isa = PBXBuildFile; fileRef = FA5D298B29284E0A008E3A16 /* YS Display-Medium.ttf */; };
		FA637BDA29A9D901007C5C9A /* ArrayTests.swift in Sources */ = {isa = PBXBuildFile; fileRef = FA637BD329A9D8F9007C5C9A /* ArrayTests.swift */; };
		FA637BE829A9EC1B007C5C9A /* MoviesLoaderTests.swift in Sources */ = {isa = PBXBuildFile; fileRef = FA637BE129A9EC16007C5C9A /* MoviesLoaderTests.swift */; };
		FA637BF029A9F5FF007C5C9A /* MovieQuizUITests.swift in Sources */ = {isa = PBXBuildFile; fileRef = FA637BEF29A9F5FF007C5C9A /* MovieQuizUITests.swift */; };
		FA637BF229A9F5FF007C5C9A /* MovieQuizUITestsLaunchTests.swift in Sources */ = {isa = PBXBuildFile; fileRef = FA637BF129A9F5FF007C5C9A /* MovieQuizUITestsLaunchTests.swift */; };
		FA9885A029A013B100DE8E54 /* NetworkClient.swift in Sources */ = {isa = PBXBuildFile; fileRef = FA98859F29A013B100DE8E54 /* NetworkClient.swift */; };
		FA9885A229A015D200DE8E54 /* MostPopularMovies.swift in Sources */ = {isa = PBXBuildFile; fileRef = FA9885A129A015D200DE8E54 /* MostPopularMovies.swift */; };
		FA9885A429A016F400DE8E54 /* MoviesLoader.swift in Sources */ = {isa = PBXBuildFile; fileRef = FA9885A329A016F400DE8E54 /* MoviesLoader.swift */; };
		FA9D372A29A6B04700FE46F5 /* MovieQuizPresenter.swift in Sources */ = {isa = PBXBuildFile; fileRef = FA9D372929A6B04700FE46F5 /* MovieQuizPresenter.swift */; };
		FA9D373329A96FC900FE46F5 /* MovieQuizPresenterTests.swift in Sources */ = {isa = PBXBuildFile; fileRef = FA9D373229A96FC900FE46F5 /* MovieQuizPresenterTests.swift */; };
		FAA4E826292ED8F20064FABD /* QuestionFactory.swift in Sources */ = {isa = PBXBuildFile; fileRef = FAA4E825292ED8F20064FABD /* QuestionFactory.swift */; };
		FAA4E829292F7FC70064FABD /* QuizStepViewModel.swift in Sources */ = {isa = PBXBuildFile; fileRef = FAA4E828292F7FC70064FABD /* QuizStepViewModel.swift */; };
		FAA4E82B292F7FDE0064FABD /* QuizResultsViewModel.swift in Sources */ = {isa = PBXBuildFile; fileRef = FAA4E82A292F7FDE0064FABD /* QuizResultsViewModel.swift */; };
		FAA4E82D292F7FEE0064FABD /* QuizQuestion.swift in Sources */ = {isa = PBXBuildFile; fileRef = FAA4E82C292F7FEE0064FABD /* QuizQuestion.swift */; };
		FAA4E82F29320A250064FABD /* QuestionFactoryProtocol.swift in Sources */ = {isa = PBXBuildFile; fileRef = FAA4E82E29320A250064FABD /* QuestionFactoryProtocol.swift */; };
		FAA4E831293211B10064FABD /* QuestionFactoryDelegate.swift in Sources */ = {isa = PBXBuildFile; fileRef = FAA4E830293211B10064FABD /* QuestionFactoryDelegate.swift */; };
		FADBFF79299AB41B008DFD62 /* AlertModel.swift in Sources */ = {isa = PBXBuildFile; fileRef = FADBFF78299AB41B008DFD62 /* AlertModel.swift */; };
		FADBFF7B299AB7C7008DFD62 /* AlertPresenter.swift in Sources */ = {isa = PBXBuildFile; fileRef = FADBFF7A299AB7C7008DFD62 /* AlertPresenter.swift */; };
		FADBFF7D299B3FE0008DFD62 /* StatisticService.swift in Sources */ = {isa = PBXBuildFile; fileRef = FADBFF7C299B3FE0008DFD62 /* StatisticService.swift */; };
		FADBFF7F299BF71D008DFD62 /* StatisticServiceImplementation.swift in Sources */ = {isa = PBXBuildFile; fileRef = FADBFF7E299BF71D008DFD62 /* StatisticServiceImplementation.swift */; };
		FADBFF81299C3A76008DFD62 /* GameRecord.swift in Sources */ = {isa = PBXBuildFile; fileRef = FADBFF80299C3A76008DFD62 /* GameRecord.swift */; };
/* End PBXBuildFile section */

/* Begin PBXContainerItemProxy section */
		FA637BD529A9D8F9007C5C9A /* PBXContainerItemProxy */ = {
			isa = PBXContainerItemProxy;
			containerPortal = AD1ABAA62831907B00B3E448 /* Project object */;
			proxyType = 1;
			remoteGlobalIDString = AD1ABAAD2831907B00B3E448;
			remoteInfo = MovieQuiz;
		};
		FA637BE329A9EC16007C5C9A /* PBXContainerItemProxy */ = {
			isa = PBXContainerItemProxy;
			containerPortal = AD1ABAA62831907B00B3E448 /* Project object */;
			proxyType = 1;
			remoteGlobalIDString = AD1ABAAD2831907B00B3E448;
			remoteInfo = MovieQuiz;
		};
		FA637BF329A9F5FF007C5C9A /* PBXContainerItemProxy */ = {
			isa = PBXContainerItemProxy;
			containerPortal = AD1ABAA62831907B00B3E448 /* Project object */;
			proxyType = 1;
			remoteGlobalIDString = AD1ABAAD2831907B00B3E448;
			remoteInfo = MovieQuiz;
		};
		FA9D373429A96FC900FE46F5 /* PBXContainerItemProxy */ = {
			isa = PBXContainerItemProxy;
			containerPortal = AD1ABAA62831907B00B3E448 /* Project object */;
			proxyType = 1;
			remoteGlobalIDString = AD1ABAAD2831907B00B3E448;
			remoteInfo = MovieQuiz;
		};
/* End PBXContainerItemProxy section */

/* Begin PBXFileReference section */
		AD1ABAAE2831907B00B3E448 /* MovieQuiz.app */ = {isa = PBXFileReference; explicitFileType = wrapper.application; includeInIndex = 0; path = MovieQuiz.app; sourceTree = BUILT_PRODUCTS_DIR; };
		AD1ABAB12831907B00B3E448 /* AppDelegate.swift */ = {isa = PBXFileReference; lastKnownFileType = sourcecode.swift; path = AppDelegate.swift; sourceTree = "<group>"; };
		AD1ABAB32831907B00B3E448 /* SceneDelegate.swift */ = {isa = PBXFileReference; lastKnownFileType = sourcecode.swift; path = SceneDelegate.swift; sourceTree = "<group>"; };
		AD1ABAB52831907B00B3E448 /* MovieQuizViewController.swift */ = {isa = PBXFileReference; lastKnownFileType = sourcecode.swift; path = MovieQuizViewController.swift; sourceTree = "<group>"; };
		AD1ABAB82831907B00B3E448 /* Base */ = {isa = PBXFileReference; lastKnownFileType = file.storyboard; name = Base; path = Base.lproj/Main.storyboard; sourceTree = "<group>"; };
		AD1ABABA2831907F00B3E448 /* Assets.xcassets */ = {isa = PBXFileReference; lastKnownFileType = folder.assetcatalog; path = Assets.xcassets; sourceTree = "<group>"; };
		AD1ABABD2831907F00B3E448 /* Base */ = {isa = PBXFileReference; lastKnownFileType = file.storyboard; name = Base; path = Base.lproj/LaunchScreen.storyboard; sourceTree = "<group>"; };
		AD1ABABF2831907F00B3E448 /* Info.plist */ = {isa = PBXFileReference; lastKnownFileType = text.plist.xml; path = Info.plist; sourceTree = "<group>"; };
		AD5EE5DD284D7887003966EF /* UIColor+Extensions.swift */ = {isa = PBXFileReference; fileEncoding = 4; lastKnownFileType = sourcecode.swift; path = "UIColor+Extensions.swift"; sourceTree = "<group>"; };
		AD77F5732857F8810062FB14 /* Date+Extensions.swift */ = {isa = PBXFileReference; lastKnownFileType = sourcecode.swift; path = "Date+Extensions.swift"; sourceTree = "<group>"; };
		AD7AFA542836189F00399704 /* Array+Extensions.swift */ = {isa = PBXFileReference; lastKnownFileType = sourcecode.swift; path = "Array+Extensions.swift"; sourceTree = "<group>"; };
		FA5D298A29284E09008E3A16 /* YS Display-Bold.ttf */ = {isa = PBXFileReference; lastKnownFileType = file; name = "YS Display-Bold.ttf"; path = "MovieQuiz/Resources/MovieQuizFonts/YS Display-Bold.ttf"; sourceTree = SOURCE_ROOT; };
		FA5D298B29284E0A008E3A16 /* YS Display-Medium.ttf */ = {isa = PBXFileReference; lastKnownFileType = file; name = "YS Display-Medium.ttf"; path = "MovieQuiz/Resources/MovieQuizFonts/YS Display-Medium.ttf"; sourceTree = SOURCE_ROOT; };
		FA637BD129A9D8F9007C5C9A /* ArrayTests.xctest */ = {isa = PBXFileReference; explicitFileType = wrapper.cfbundle; includeInIndex = 0; path = ArrayTests.xctest; sourceTree = BUILT_PRODUCTS_DIR; };
		FA637BD329A9D8F9007C5C9A /* ArrayTests.swift */ = {isa = PBXFileReference; lastKnownFileType = sourcecode.swift; path = ArrayTests.swift; sourceTree = "<group>"; };
		FA637BDF29A9EC16007C5C9A /* MoviesLoaderTests.xctest */ = {isa = PBXFileReference; explicitFileType = wrapper.cfbundle; includeInIndex = 0; path = MoviesLoaderTests.xctest; sourceTree = BUILT_PRODUCTS_DIR; };
		FA637BE129A9EC16007C5C9A /* MoviesLoaderTests.swift */ = {isa = PBXFileReference; lastKnownFileType = sourcecode.swift; path = MoviesLoaderTests.swift; sourceTree = "<group>"; };
		FA637BED29A9F5FF007C5C9A /* MovieQuizUITests.xctest */ = {isa = PBXFileReference; explicitFileType = wrapper.cfbundle; includeInIndex = 0; path = MovieQuizUITests.xctest; sourceTree = BUILT_PRODUCTS_DIR; };
		FA637BEF29A9F5FF007C5C9A /* MovieQuizUITests.swift */ = {isa = PBXFileReference; lastKnownFileType = sourcecode.swift; path = MovieQuizUITests.swift; sourceTree = "<group>"; };
		FA637BF129A9F5FF007C5C9A /* MovieQuizUITestsLaunchTests.swift */ = {isa = PBXFileReference; lastKnownFileType = sourcecode.swift; path = MovieQuizUITestsLaunchTests.swift; sourceTree = "<group>"; };
		FA98859F29A013B100DE8E54 /* NetworkClient.swift */ = {isa = PBXFileReference; lastKnownFileType = sourcecode.swift; path = NetworkClient.swift; sourceTree = "<group>"; };
		FA9885A129A015D200DE8E54 /* MostPopularMovies.swift */ = {isa = PBXFileReference; lastKnownFileType = sourcecode.swift; path = MostPopularMovies.swift; sourceTree = "<group>"; };
		FA9885A329A016F400DE8E54 /* MoviesLoader.swift */ = {isa = PBXFileReference; lastKnownFileType = sourcecode.swift; path = MoviesLoader.swift; sourceTree = "<group>"; };
		FA9D372929A6B04700FE46F5 /* MovieQuizPresenter.swift */ = {isa = PBXFileReference; lastKnownFileType = sourcecode.swift; path = MovieQuizPresenter.swift; sourceTree = "<group>"; };
		FA9D373029A96FC900FE46F5 /* MovieQuizTests.xctest */ = {isa = PBXFileReference; explicitFileType = wrapper.cfbundle; includeInIndex = 0; path = MovieQuizTests.xctest; sourceTree = BUILT_PRODUCTS_DIR; };
		FA9D373229A96FC900FE46F5 /* MovieQuizPresenterTests.swift */ = {isa = PBXFileReference; lastKnownFileType = sourcecode.swift; path = MovieQuizPresenterTests.swift; sourceTree = "<group>"; };
		FAA4E825292ED8F20064FABD /* QuestionFactory.swift */ = {isa = PBXFileReference; lastKnownFileType = sourcecode.swift; path = QuestionFactory.swift; sourceTree = "<group>"; };
		FAA4E828292F7FC70064FABD /* QuizStepViewModel.swift */ = {isa = PBXFileReference; lastKnownFileType = sourcecode.swift; path = QuizStepViewModel.swift; sourceTree = "<group>"; };
		FAA4E82A292F7FDE0064FABD /* QuizResultsViewModel.swift */ = {isa = PBXFileReference; lastKnownFileType = sourcecode.swift; path = QuizResultsViewModel.swift; sourceTree = "<group>"; };
		FAA4E82C292F7FEE0064FABD /* QuizQuestion.swift */ = {isa = PBXFileReference; lastKnownFileType = sourcecode.swift; path = QuizQuestion.swift; sourceTree = "<group>"; };
		FAA4E82E29320A250064FABD /* QuestionFactoryProtocol.swift */ = {isa = PBXFileReference; lastKnownFileType = sourcecode.swift; path = QuestionFactoryProtocol.swift; sourceTree = "<group>"; };
		FAA4E830293211B10064FABD /* QuestionFactoryDelegate.swift */ = {isa = PBXFileReference; lastKnownFileType = sourcecode.swift; path = QuestionFactoryDelegate.swift; sourceTree = "<group>"; };
		FADBFF78299AB41B008DFD62 /* AlertModel.swift */ = {isa = PBXFileReference; lastKnownFileType = sourcecode.swift; path = AlertModel.swift; sourceTree = "<group>"; };
		FADBFF7A299AB7C7008DFD62 /* AlertPresenter.swift */ = {isa = PBXFileReference; lastKnownFileType = sourcecode.swift; path = AlertPresenter.swift; sourceTree = "<group>"; };
		FADBFF7C299B3FE0008DFD62 /* StatisticService.swift */ = {isa = PBXFileReference; lastKnownFileType = sourcecode.swift; path = StatisticService.swift; sourceTree = "<group>"; };
		FADBFF7E299BF71D008DFD62 /* StatisticServiceImplementation.swift */ = {isa = PBXFileReference; lastKnownFileType = sourcecode.swift; path = StatisticServiceImplementation.swift; sourceTree = "<group>"; };
		FADBFF80299C3A76008DFD62 /* GameRecord.swift */ = {isa = PBXFileReference; lastKnownFileType = sourcecode.swift; path = GameRecord.swift; sourceTree = "<group>"; };
/* End PBXFileReference section */

/* Begin PBXFrameworksBuildPhase section */
		AD1ABAAB2831907B00B3E448 /* Frameworks */ = {
			isa = PBXFrameworksBuildPhase;
			buildActionMask = 2147483647;
			files = (
			);
			runOnlyForDeploymentPostprocessing = 0;
		};
		FA637BCE29A9D8F9007C5C9A /* Frameworks */ = {
			isa = PBXFrameworksBuildPhase;
			buildActionMask = 2147483647;
			files = (
			);
			runOnlyForDeploymentPostprocessing = 0;
		};
		FA637BDC29A9EC16007C5C9A /* Frameworks */ = {
			isa = PBXFrameworksBuildPhase;
			buildActionMask = 2147483647;
			files = (
			);
			runOnlyForDeploymentPostprocessing = 0;
		};
		FA637BEA29A9F5FF007C5C9A /* Frameworks */ = {
			isa = PBXFrameworksBuildPhase;
			buildActionMask = 2147483647;
			files = (
			);
			runOnlyForDeploymentPostprocessing = 0;
		};
		FA9D372D29A96FC900FE46F5 /* Frameworks */ = {
			isa = PBXFrameworksBuildPhase;
			buildActionMask = 2147483647;
			files = (
			);
			runOnlyForDeploymentPostprocessing = 0;
		};
/* End PBXFrameworksBuildPhase section */

/* Begin PBXGroup section */
		8F4738322848DE2A005DF65E /* Presentation */ = {
			isa = PBXGroup;
			children = (
				AD1ABAB52831907B00B3E448 /* MovieQuizViewController.swift */,
				AD1ABAB72831907B00B3E448 /* Main.storyboard */,
				FADBFF7A299AB7C7008DFD62 /* AlertPresenter.swift */,
				FA9D372929A6B04700FE46F5 /* MovieQuizPresenter.swift */,
			);
			path = Presentation;
			sourceTree = "<group>";
		};
		8F4738332848DE46005DF65E /* Resources */ = {
			isa = PBXGroup;
			children = (
				FA5D298929284DC5008E3A16 /* MovieQuizFonts */,
				AD1ABABC2831907F00B3E448 /* LaunchScreen.storyboard */,
				AD1ABABA2831907F00B3E448 /* Assets.xcassets */,
				AD1ABABF2831907F00B3E448 /* Info.plist */,
			);
			path = Resources;
			sourceTree = "<group>";
		};
		AD1ABAA52831907B00B3E448 = {
			isa = PBXGroup;
			children = (
				AD1ABAB02831907B00B3E448 /* MovieQuiz */,
				FA9D373129A96FC900FE46F5 /* MovieQuizTests */,
				FA637BEE29A9F5FF007C5C9A /* MovieQuizUITests */,
				AD1ABAAF2831907B00B3E448 /* Products */,
			);
			sourceTree = "<group>";
		};
		AD1ABAAF2831907B00B3E448 /* Products */ = {
			isa = PBXGroup;
			children = (
				AD1ABAAE2831907B00B3E448 /* MovieQuiz.app */,
				FA9D373029A96FC900FE46F5 /* MovieQuizTests.xctest */,
				FA637BD129A9D8F9007C5C9A /* ArrayTests.xctest */,
				FA637BDF29A9EC16007C5C9A /* MoviesLoaderTests.xctest */,
				FA637BED29A9F5FF007C5C9A /* MovieQuizUITests.xctest */,
			);
			name = Products;
			sourceTree = "<group>";
		};
		AD1ABAB02831907B00B3E448 /* MovieQuiz */ = {
			isa = PBXGroup;
			children = (
				FAA4E824292ED8730064FABD /* Services */,
				8F4738322848DE2A005DF65E /* Presentation */,
				FAA4E827292F7F850064FABD /* Models */,
				ADF0CF75283FDAA10075F54D /* Helpers */,
				8F4738332848DE46005DF65E /* Resources */,
				AD1ABAB12831907B00B3E448 /* AppDelegate.swift */,
				AD1ABAB32831907B00B3E448 /* SceneDelegate.swift */,
			);
			path = MovieQuiz;
			sourceTree = "<group>";
		};
		ADF0CF75283FDAA10075F54D /* Helpers */ = {
			isa = PBXGroup;
			children = (
				AD5EE5DD284D7887003966EF /* UIColor+Extensions.swift */,
				AD7AFA542836189F00399704 /* Array+Extensions.swift */,
				AD77F5732857F8810062FB14 /* Date+Extensions.swift */,
			);
			path = Helpers;
			sourceTree = "<group>";
		};
		FA5D298929284DC5008E3A16 /* MovieQuizFonts */ = {
			isa = PBXGroup;
			children = (
				FA5D298A29284E09008E3A16 /* YS Display-Bold.ttf */,
				FA5D298B29284E0A008E3A16 /* YS Display-Medium.ttf */,
			);
			path = MovieQuizFonts;
			sourceTree = "<group>";
		};
		FA637BEE29A9F5FF007C5C9A /* MovieQuizUITests */ = {
			isa = PBXGroup;
			children = (
				FA637BEF29A9F5FF007C5C9A /* MovieQuizUITests.swift */,
				FA637BF129A9F5FF007C5C9A /* MovieQuizUITestsLaunchTests.swift */,
			);
			path = MovieQuizUITests;
			sourceTree = "<group>";
		};
		FA9D373129A96FC900FE46F5 /* MovieQuizTests */ = {
			isa = PBXGroup;
			children = (
				FA9D373229A96FC900FE46F5 /* MovieQuizPresenterTests.swift */,
				FA637BD329A9D8F9007C5C9A /* ArrayTests.swift */,
				FA637BE129A9EC16007C5C9A /* MoviesLoaderTests.swift */,
			);
			path = MovieQuizTests;
			sourceTree = "<group>";
		};
		FAA4E824292ED8730064FABD /* Services */ = {
			isa = PBXGroup;
			children = (
				FAA4E825292ED8F20064FABD /* QuestionFactory.swift */,
				FAA4E82E29320A250064FABD /* QuestionFactoryProtocol.swift */,
				FAA4E830293211B10064FABD /* QuestionFactoryDelegate.swift */,
				FADBFF7C299B3FE0008DFD62 /* StatisticService.swift */,
				FADBFF7E299BF71D008DFD62 /* StatisticServiceImplementation.swift */,
				FA98859F29A013B100DE8E54 /* NetworkClient.swift */,
				FA9885A329A016F400DE8E54 /* MoviesLoader.swift */,
			);
			path = Services;
			sourceTree = "<group>";
		};
		FAA4E827292F7F850064FABD /* Models */ = {
			isa = PBXGroup;
			children = (
				FAA4E828292F7FC70064FABD /* QuizStepViewModel.swift */,
				FAA4E82A292F7FDE0064FABD /* QuizResultsViewModel.swift */,
				FAA4E82C292F7FEE0064FABD /* QuizQuestion.swift */,
				FADBFF78299AB41B008DFD62 /* AlertModel.swift */,
				FADBFF80299C3A76008DFD62 /* GameRecord.swift */,
				FA9885A129A015D200DE8E54 /* MostPopularMovies.swift */,
			);
			path = Models;
			sourceTree = "<group>";
		};
/* End PBXGroup section */

/* Begin PBXNativeTarget section */
		AD1ABAAD2831907B00B3E448 /* MovieQuiz */ = {
			isa = PBXNativeTarget;
			buildConfigurationList = AD1ABAC22831907F00B3E448 /* Build configuration list for PBXNativeTarget "MovieQuiz" */;
			buildPhases = (
				AD1ABAAA2831907B00B3E448 /* Sources */,
				AD1ABAAB2831907B00B3E448 /* Frameworks */,
				AD77F5722857EDD20062FB14 /* Run SwiftLint */,
				AD1ABAAC2831907B00B3E448 /* Resources */,
			);
			buildRules = (
			);
			dependencies = (
			);
			name = MovieQuiz;
			productName = MovieQuiz;
			productReference = AD1ABAAE2831907B00B3E448 /* MovieQuiz.app */;
			productType = "com.apple.product-type.application";
		};
		FA637BD029A9D8F9007C5C9A /* ArrayTests */ = {
			isa = PBXNativeTarget;
			buildConfigurationList = FA637BD729A9D8F9007C5C9A /* Build configuration list for PBXNativeTarget "ArrayTests" */;
			buildPhases = (
				FA637BCD29A9D8F9007C5C9A /* Sources */,
				FA637BCE29A9D8F9007C5C9A /* Frameworks */,
				FA637BCF29A9D8F9007C5C9A /* Resources */,
			);
			buildRules = (
			);
			dependencies = (
				FA637BD629A9D8F9007C5C9A /* PBXTargetDependency */,
			);
			name = ArrayTests;
			productName = ArrayTests;
			productReference = FA637BD129A9D8F9007C5C9A /* ArrayTests.xctest */;
			productType = "com.apple.product-type.bundle.unit-test";
		};
		FA637BDE29A9EC16007C5C9A /* MoviesLoaderTests */ = {
			isa = PBXNativeTarget;
			buildConfigurationList = FA637BE529A9EC16007C5C9A /* Build configuration list for PBXNativeTarget "MoviesLoaderTests" */;
			buildPhases = (
				FA637BDB29A9EC16007C5C9A /* Sources */,
				FA637BDC29A9EC16007C5C9A /* Frameworks */,
				FA637BDD29A9EC16007C5C9A /* Resources */,
			);
			buildRules = (
			);
			dependencies = (
				FA637BE429A9EC16007C5C9A /* PBXTargetDependency */,
			);
			name = MoviesLoaderTests;
			productName = MoviesLoaderTests;
			productReference = FA637BDF29A9EC16007C5C9A /* MoviesLoaderTests.xctest */;
			productType = "com.apple.product-type.bundle.unit-test";
		};
		FA637BEC29A9F5FF007C5C9A /* MovieQuizUITests */ = {
			isa = PBXNativeTarget;
			buildConfigurationList = FA637BF529A9F5FF007C5C9A /* Build configuration list for PBXNativeTarget "MovieQuizUITests" */;
			buildPhases = (
				FA637BE929A9F5FF007C5C9A /* Sources */,
				FA637BEA29A9F5FF007C5C9A /* Frameworks */,
				FA637BEB29A9F5FF007C5C9A /* Resources */,
			);
			buildRules = (
			);
			dependencies = (
				FA637BF429A9F5FF007C5C9A /* PBXTargetDependency */,
			);
			name = MovieQuizUITests;
			productName = MovieQuizUITests;
			productReference = FA637BED29A9F5FF007C5C9A /* MovieQuizUITests.xctest */;
			productType = "com.apple.product-type.bundle.ui-testing";
		};
		FA9D372F29A96FC900FE46F5 /* MovieQuizTests */ = {
			isa = PBXNativeTarget;
			buildConfigurationList = FA9D373629A96FC900FE46F5 /* Build configuration list for PBXNativeTarget "MovieQuizTests" */;
			buildPhases = (
				FA9D372C29A96FC900FE46F5 /* Sources */,
				FA9D372D29A96FC900FE46F5 /* Frameworks */,
				FA9D372E29A96FC900FE46F5 /* Resources */,
			);
			buildRules = (
			);
			dependencies = (
				FA9D373529A96FC900FE46F5 /* PBXTargetDependency */,
			);
			name = MovieQuizTests;
			productName = MovieQuizTests;
			productReference = FA9D373029A96FC900FE46F5 /* MovieQuizTests.xctest */;
			productType = "com.apple.product-type.bundle.unit-test";
		};
/* End PBXNativeTarget section */

/* Begin PBXProject section */
		AD1ABAA62831907B00B3E448 /* Project object */ = {
			isa = PBXProject;
			attributes = {
				BuildIndependentTargetsInParallel = 1;
				LastSwiftUpdateCheck = 1330;
				LastUpgradeCheck = 1330;
				ORGANIZATIONNAME = "";
				TargetAttributes = {
					AD1ABAAD2831907B00B3E448 = {
						CreatedOnToolsVersion = 13.3.1;
					};
					FA637BD029A9D8F9007C5C9A = {
						CreatedOnToolsVersion = 13.3.1;
						TestTargetID = AD1ABAAD2831907B00B3E448;
					};
					FA637BDE29A9EC16007C5C9A = {
						CreatedOnToolsVersion = 13.3.1;
						TestTargetID = AD1ABAAD2831907B00B3E448;
					};
					FA637BEC29A9F5FF007C5C9A = {
						CreatedOnToolsVersion = 13.3.1;
						TestTargetID = AD1ABAAD2831907B00B3E448;
					};
					FA9D372F29A96FC900FE46F5 = {
						CreatedOnToolsVersion = 13.3.1;
						TestTargetID = AD1ABAAD2831907B00B3E448;
					};
				};
			};
			buildConfigurationList = AD1ABAA92831907B00B3E448 /* Build configuration list for PBXProject "MovieQuiz" */;
			compatibilityVersion = "Xcode 13.0";
			developmentRegion = en;
			hasScannedForEncodings = 0;
			knownRegions = (
				en,
				Base,
			);
			mainGroup = AD1ABAA52831907B00B3E448;
			productRefGroup = AD1ABAAF2831907B00B3E448 /* Products */;
			projectDirPath = "";
			projectRoot = "";
			targets = (
				AD1ABAAD2831907B00B3E448 /* MovieQuiz */,
				FA9D372F29A96FC900FE46F5 /* MovieQuizTests */,
				FA637BD029A9D8F9007C5C9A /* ArrayTests */,
				FA637BDE29A9EC16007C5C9A /* MoviesLoaderTests */,
				FA637BEC29A9F5FF007C5C9A /* MovieQuizUITests */,
			);
		};
/* End PBXProject section */

/* Begin PBXResourcesBuildPhase section */
		AD1ABAAC2831907B00B3E448 /* Resources */ = {
			isa = PBXResourcesBuildPhase;
			buildActionMask = 2147483647;
			files = (
				AD1ABABE2831907F00B3E448 /* LaunchScreen.storyboard in Resources */,
				FA5D298D29284E0A008E3A16 /* YS Display-Medium.ttf in Resources */,
				FA5D298C29284E0A008E3A16 /* YS Display-Bold.ttf in Resources */,
				AD1ABABB2831907F00B3E448 /* Assets.xcassets in Resources */,
				AD1ABAB92831907B00B3E448 /* Main.storyboard in Resources */,
			);
			runOnlyForDeploymentPostprocessing = 0;
		};
		FA637BCF29A9D8F9007C5C9A /* Resources */ = {
			isa = PBXResourcesBuildPhase;
			buildActionMask = 2147483647;
			files = (
			);
			runOnlyForDeploymentPostprocessing = 0;
		};
		FA637BDD29A9EC16007C5C9A /* Resources */ = {
			isa = PBXResourcesBuildPhase;
			buildActionMask = 2147483647;
			files = (
			);
			runOnlyForDeploymentPostprocessing = 0;
		};
		FA637BEB29A9F5FF007C5C9A /* Resources */ = {
			isa = PBXResourcesBuildPhase;
			buildActionMask = 2147483647;
			files = (
			);
			runOnlyForDeploymentPostprocessing = 0;
		};
		FA9D372E29A96FC900FE46F5 /* Resources */ = {
			isa = PBXResourcesBuildPhase;
			buildActionMask = 2147483647;
			files = (
			);
			runOnlyForDeploymentPostprocessing = 0;
		};
/* End PBXResourcesBuildPhase section */

/* Begin PBXShellScriptBuildPhase section */
		AD77F5722857EDD20062FB14 /* Run SwiftLint */ = {
			isa = PBXShellScriptBuildPhase;
			buildActionMask = 2147483647;
			files = (
			);
			inputFileListPaths = (
			);
			inputPaths = (
			);
			name = "Run SwiftLint";
			outputFileListPaths = (
			);
			outputPaths = (
			);
			runOnlyForDeploymentPostprocessing = 0;
			shellPath = /bin/sh;
			shellScript = "# if [ ! -f \"${PROJECT_DIR}/.bin/swiftlint\" ]; then\n#     echo \"error: SwiftLint not found\"\n#     exit 1 \n# fi\n\n# ${PROJECT_DIR}/.bin/swiftlint\n";
		};
/* End PBXShellScriptBuildPhase section */

/* Begin PBXSourcesBuildPhase section */
		AD1ABAAA2831907B00B3E448 /* Sources */ = {
			isa = PBXSourcesBuildPhase;
			buildActionMask = 2147483647;
			files = (
				AD5EE5DE284D7887003966EF /* UIColor+Extensions.swift in Sources */,
				FA9885A229A015D200DE8E54 /* MostPopularMovies.swift in Sources */,
				FADBFF7B299AB7C7008DFD62 /* AlertPresenter.swift in Sources */,
				FADBFF79299AB41B008DFD62 /* AlertModel.swift in Sources */,
				AD7AFA552836189F00399704 /* Array+Extensions.swift in Sources */,
				FAA4E82F29320A250064FABD /* QuestionFactoryProtocol.swift in Sources */,
				FA9885A029A013B100DE8E54 /* NetworkClient.swift in Sources */,
				FA9885A429A016F400DE8E54 /* MoviesLoader.swift in Sources */,
				FAA4E831293211B10064FABD /* QuestionFactoryDelegate.swift in Sources */,
				AD1ABAB62831907B00B3E448 /* MovieQuizViewController.swift in Sources */,
				FADBFF7D299B3FE0008DFD62 /* StatisticService.swift in Sources */,
				FAA4E829292F7FC70064FABD /* QuizStepViewModel.swift in Sources */,
				FAA4E82D292F7FEE0064FABD /* QuizQuestion.swift in Sources */,
				FA9D372A29A6B04700FE46F5 /* MovieQuizPresenter.swift in Sources */,
				FAA4E826292ED8F20064FABD /* QuestionFactory.swift in Sources */,
				FADBFF81299C3A76008DFD62 /* GameRecord.swift in Sources */,
				AD77F5742857F8810062FB14 /* Date+Extensions.swift in Sources */,
				AD1ABAB22831907B00B3E448 /* AppDelegate.swift in Sources */,
				FAA4E82B292F7FDE0064FABD /* QuizResultsViewModel.swift in Sources */,
				FADBFF7F299BF71D008DFD62 /* StatisticServiceImplementation.swift in Sources */,
				AD1ABAB42831907B00B3E448 /* SceneDelegate.swift in Sources */,
			);
			runOnlyForDeploymentPostprocessing = 0;
		};
		FA637BCD29A9D8F9007C5C9A /* Sources */ = {
			isa = PBXSourcesBuildPhase;
			buildActionMask = 2147483647;
			files = (
			);
			runOnlyForDeploymentPostprocessing = 0;
		};
		FA637BDB29A9EC16007C5C9A /* Sources */ = {
			isa = PBXSourcesBuildPhase;
			buildActionMask = 2147483647;
			files = (
			);
			runOnlyForDeploymentPostprocessing = 0;
		};
		FA637BE929A9F5FF007C5C9A /* Sources */ = {
			isa = PBXSourcesBuildPhase;
			buildActionMask = 2147483647;
			files = (
				FA637BF229A9F5FF007C5C9A /* MovieQuizUITestsLaunchTests.swift in Sources */,
				FA637BF029A9F5FF007C5C9A /* MovieQuizUITests.swift in Sources */,
			);
			runOnlyForDeploymentPostprocessing = 0;
		};
		FA9D372C29A96FC900FE46F5 /* Sources */ = {
			isa = PBXSourcesBuildPhase;
			buildActionMask = 2147483647;
			files = (
				FA9D373329A96FC900FE46F5 /* MovieQuizPresenterTests.swift in Sources */,
				FA637BE829A9EC1B007C5C9A /* MoviesLoaderTests.swift in Sources */,
				FA637BDA29A9D901007C5C9A /* ArrayTests.swift in Sources */,
			);
			runOnlyForDeploymentPostprocessing = 0;
		};
/* End PBXSourcesBuildPhase section */

/* Begin PBXTargetDependency section */
		FA637BD629A9D8F9007C5C9A /* PBXTargetDependency */ = {
			isa = PBXTargetDependency;
			target = AD1ABAAD2831907B00B3E448 /* MovieQuiz */;
			targetProxy = FA637BD529A9D8F9007C5C9A /* PBXContainerItemProxy */;
		};
		FA637BE429A9EC16007C5C9A /* PBXTargetDependency */ = {
			isa = PBXTargetDependency;
			target = AD1ABAAD2831907B00B3E448 /* MovieQuiz */;
			targetProxy = FA637BE329A9EC16007C5C9A /* PBXContainerItemProxy */;
		};
		FA637BF429A9F5FF007C5C9A /* PBXTargetDependency */ = {
			isa = PBXTargetDependency;
			target = AD1ABAAD2831907B00B3E448 /* MovieQuiz */;
			targetProxy = FA637BF329A9F5FF007C5C9A /* PBXContainerItemProxy */;
		};
		FA9D373529A96FC900FE46F5 /* PBXTargetDependency */ = {
			isa = PBXTargetDependency;
			target = AD1ABAAD2831907B00B3E448 /* MovieQuiz */;
			targetProxy = FA9D373429A96FC900FE46F5 /* PBXContainerItemProxy */;
		};
/* End PBXTargetDependency section */

/* Begin PBXVariantGroup section */
		AD1ABAB72831907B00B3E448 /* Main.storyboard */ = {
			isa = PBXVariantGroup;
			children = (
				AD1ABAB82831907B00B3E448 /* Base */,
			);
			name = Main.storyboard;
			sourceTree = "<group>";
		};
		AD1ABABC2831907F00B3E448 /* LaunchScreen.storyboard */ = {
			isa = PBXVariantGroup;
			children = (
				AD1ABABD2831907F00B3E448 /* Base */,
			);
			name = LaunchScreen.storyboard;
			sourceTree = "<group>";
		};
/* End PBXVariantGroup section */

/* Begin XCBuildConfiguration section */
		AD1ABAC02831907F00B3E448 /* Debug */ = {
			isa = XCBuildConfiguration;
			buildSettings = {
				ALWAYS_SEARCH_USER_PATHS = NO;
				CLANG_ANALYZER_NONNULL = YES;
				CLANG_ANALYZER_NUMBER_OBJECT_CONVERSION = YES_AGGRESSIVE;
				CLANG_CXX_LANGUAGE_STANDARD = "gnu++17";
				CLANG_ENABLE_MODULES = YES;
				CLANG_ENABLE_OBJC_ARC = YES;
				CLANG_ENABLE_OBJC_WEAK = YES;
				CLANG_WARN_BLOCK_CAPTURE_AUTORELEASING = YES;
				CLANG_WARN_BOOL_CONVERSION = YES;
				CLANG_WARN_COMMA = YES;
				CLANG_WARN_CONSTANT_CONVERSION = YES;
				CLANG_WARN_DEPRECATED_OBJC_IMPLEMENTATIONS = YES;
				CLANG_WARN_DIRECT_OBJC_ISA_USAGE = YES_ERROR;
				CLANG_WARN_DOCUMENTATION_COMMENTS = YES;
				CLANG_WARN_EMPTY_BODY = YES;
				CLANG_WARN_ENUM_CONVERSION = YES;
				CLANG_WARN_INFINITE_RECURSION = YES;
				CLANG_WARN_INT_CONVERSION = YES;
				CLANG_WARN_NON_LITERAL_NULL_CONVERSION = YES;
				CLANG_WARN_OBJC_IMPLICIT_RETAIN_SELF = YES;
				CLANG_WARN_OBJC_LITERAL_CONVERSION = YES;
				CLANG_WARN_OBJC_ROOT_CLASS = YES_ERROR;
				CLANG_WARN_QUOTED_INCLUDE_IN_FRAMEWORK_HEADER = YES;
				CLANG_WARN_RANGE_LOOP_ANALYSIS = YES;
				CLANG_WARN_STRICT_PROTOTYPES = YES;
				CLANG_WARN_SUSPICIOUS_MOVE = YES;
				CLANG_WARN_UNGUARDED_AVAILABILITY = YES_AGGRESSIVE;
				CLANG_WARN_UNREACHABLE_CODE = YES;
				CLANG_WARN__DUPLICATE_METHOD_MATCH = YES;
				COPY_PHASE_STRIP = NO;
				DEBUG_INFORMATION_FORMAT = dwarf;
				ENABLE_STRICT_OBJC_MSGSEND = YES;
				ENABLE_TESTABILITY = YES;
				GCC_C_LANGUAGE_STANDARD = gnu11;
				GCC_DYNAMIC_NO_PIC = NO;
				GCC_NO_COMMON_BLOCKS = YES;
				GCC_OPTIMIZATION_LEVEL = 0;
				GCC_PREPROCESSOR_DEFINITIONS = (
					"DEBUG=1",
					"$(inherited)",
				);
				GCC_WARN_64_TO_32_BIT_CONVERSION = YES;
				GCC_WARN_ABOUT_RETURN_TYPE = YES_ERROR;
				GCC_WARN_UNDECLARED_SELECTOR = YES;
				GCC_WARN_UNINITIALIZED_AUTOS = YES_AGGRESSIVE;
				GCC_WARN_UNUSED_FUNCTION = YES;
				GCC_WARN_UNUSED_VARIABLE = YES;
				IPHONEOS_DEPLOYMENT_TARGET = 15.4;
				MTL_ENABLE_DEBUG_INFO = INCLUDE_SOURCE;
				MTL_FAST_MATH = YES;
				ONLY_ACTIVE_ARCH = YES;
				SDKROOT = iphoneos;
				SWIFT_ACTIVE_COMPILATION_CONDITIONS = DEBUG;
				SWIFT_OPTIMIZATION_LEVEL = "-Onone";
			};
			name = Debug;
		};
		AD1ABAC12831907F00B3E448 /* Release */ = {
			isa = XCBuildConfiguration;
			buildSettings = {
				ALWAYS_SEARCH_USER_PATHS = NO;
				CLANG_ANALYZER_NONNULL = YES;
				CLANG_ANALYZER_NUMBER_OBJECT_CONVERSION = YES_AGGRESSIVE;
				CLANG_CXX_LANGUAGE_STANDARD = "gnu++17";
				CLANG_ENABLE_MODULES = YES;
				CLANG_ENABLE_OBJC_ARC = YES;
				CLANG_ENABLE_OBJC_WEAK = YES;
				CLANG_WARN_BLOCK_CAPTURE_AUTORELEASING = YES;
				CLANG_WARN_BOOL_CONVERSION = YES;
				CLANG_WARN_COMMA = YES;
				CLANG_WARN_CONSTANT_CONVERSION = YES;
				CLANG_WARN_DEPRECATED_OBJC_IMPLEMENTATIONS = YES;
				CLANG_WARN_DIRECT_OBJC_ISA_USAGE = YES_ERROR;
				CLANG_WARN_DOCUMENTATION_COMMENTS = YES;
				CLANG_WARN_EMPTY_BODY = YES;
				CLANG_WARN_ENUM_CONVERSION = YES;
				CLANG_WARN_INFINITE_RECURSION = YES;
				CLANG_WARN_INT_CONVERSION = YES;
				CLANG_WARN_NON_LITERAL_NULL_CONVERSION = YES;
				CLANG_WARN_OBJC_IMPLICIT_RETAIN_SELF = YES;
				CLANG_WARN_OBJC_LITERAL_CONVERSION = YES;
				CLANG_WARN_OBJC_ROOT_CLASS = YES_ERROR;
				CLANG_WARN_QUOTED_INCLUDE_IN_FRAMEWORK_HEADER = YES;
				CLANG_WARN_RANGE_LOOP_ANALYSIS = YES;
				CLANG_WARN_STRICT_PROTOTYPES = YES;
				CLANG_WARN_SUSPICIOUS_MOVE = YES;
				CLANG_WARN_UNGUARDED_AVAILABILITY = YES_AGGRESSIVE;
				CLANG_WARN_UNREACHABLE_CODE = YES;
				CLANG_WARN__DUPLICATE_METHOD_MATCH = YES;
				COPY_PHASE_STRIP = NO;
				DEBUG_INFORMATION_FORMAT = "dwarf-with-dsym";
				ENABLE_NS_ASSERTIONS = NO;
				ENABLE_STRICT_OBJC_MSGSEND = YES;
				GCC_C_LANGUAGE_STANDARD = gnu11;
				GCC_NO_COMMON_BLOCKS = YES;
				GCC_WARN_64_TO_32_BIT_CONVERSION = YES;
				GCC_WARN_ABOUT_RETURN_TYPE = YES_ERROR;
				GCC_WARN_UNDECLARED_SELECTOR = YES;
				GCC_WARN_UNINITIALIZED_AUTOS = YES_AGGRESSIVE;
				GCC_WARN_UNUSED_FUNCTION = YES;
				GCC_WARN_UNUSED_VARIABLE = YES;
				IPHONEOS_DEPLOYMENT_TARGET = 15.4;
				MTL_ENABLE_DEBUG_INFO = NO;
				MTL_FAST_MATH = YES;
				SDKROOT = iphoneos;
				SWIFT_COMPILATION_MODE = wholemodule;
				SWIFT_OPTIMIZATION_LEVEL = "-O";
				VALIDATE_PRODUCT = YES;
			};
			name = Release;
		};
		AD1ABAC32831907F00B3E448 /* Debug */ = {
			isa = XCBuildConfiguration;
			buildSettings = {
				ASSETCATALOG_COMPILER_APPICON_NAME = AppIcon;
				CODE_SIGN_STYLE = Automatic;
				CURRENT_PROJECT_VERSION = 1;
				DEVELOPMENT_TEAM = N29P9VDV4Y;
				GENERATE_INFOPLIST_FILE = YES;
				INFOPLIST_FILE = MovieQuiz/Resources/Info.plist;
				INFOPLIST_KEY_UIApplicationSupportsIndirectInputEvents = YES;
				INFOPLIST_KEY_UILaunchStoryboardName = LaunchScreen;
				INFOPLIST_KEY_UIMainStoryboardFile = Main;
				INFOPLIST_KEY_UIStatusBarHidden = YES;
				INFOPLIST_KEY_UISupportedInterfaceOrientations = UIInterfaceOrientationPortrait;
				INFOPLIST_KEY_UISupportedInterfaceOrientations_iPad = "UIInterfaceOrientationPortrait UIInterfaceOrientationPortraitUpsideDown UIInterfaceOrientationLandscapeLeft UIInterfaceOrientationLandscapeRight";
				INFOPLIST_KEY_UISupportedInterfaceOrientations_iPhone = "UIInterfaceOrientationPortrait UIInterfaceOrientationLandscapeLeft UIInterfaceOrientationLandscapeRight";
				IPHONEOS_DEPLOYMENT_TARGET = 13.0;
				LD_RUNPATH_SEARCH_PATHS = (
					"$(inherited)",
					"@executable_path/Frameworks",
				);
				MARKETING_VERSION = 1.0;
				PRODUCT_BUNDLE_IDENTIFIER = ru.yandex.practicum.MovieQuiz;
				PRODUCT_NAME = "$(TARGET_NAME)";
				SWIFT_EMIT_LOC_STRINGS = YES;
				SWIFT_VERSION = 5.0;
				TARGETED_DEVICE_FAMILY = 1;
			};
			name = Debug;
		};
		AD1ABAC42831907F00B3E448 /* Release */ = {
			isa = XCBuildConfiguration;
			buildSettings = {
				ASSETCATALOG_COMPILER_APPICON_NAME = AppIcon;
				CODE_SIGN_STYLE = Automatic;
				CURRENT_PROJECT_VERSION = 1;
				DEVELOPMENT_TEAM = N29P9VDV4Y;
				GENERATE_INFOPLIST_FILE = YES;
				INFOPLIST_FILE = MovieQuiz/Resources/Info.plist;
				INFOPLIST_KEY_UIApplicationSupportsIndirectInputEvents = YES;
				INFOPLIST_KEY_UILaunchStoryboardName = LaunchScreen;
				INFOPLIST_KEY_UIMainStoryboardFile = Main;
				INFOPLIST_KEY_UIStatusBarHidden = YES;
				INFOPLIST_KEY_UISupportedInterfaceOrientations = UIInterfaceOrientationPortrait;
				INFOPLIST_KEY_UISupportedInterfaceOrientations_iPad = "UIInterfaceOrientationPortrait UIInterfaceOrientationPortraitUpsideDown UIInterfaceOrientationLandscapeLeft UIInterfaceOrientationLandscapeRight";
				INFOPLIST_KEY_UISupportedInterfaceOrientations_iPhone = "UIInterfaceOrientationPortrait UIInterfaceOrientationLandscapeLeft UIInterfaceOrientationLandscapeRight";
				IPHONEOS_DEPLOYMENT_TARGET = 13.0;
				LD_RUNPATH_SEARCH_PATHS = (
					"$(inherited)",
					"@executable_path/Frameworks",
				);
				MARKETING_VERSION = 1.0;
				PRODUCT_BUNDLE_IDENTIFIER = ru.yandex.practicum.MovieQuiz;
				PRODUCT_NAME = "$(TARGET_NAME)";
				SWIFT_EMIT_LOC_STRINGS = YES;
				SWIFT_VERSION = 5.0;
				TARGETED_DEVICE_FAMILY = 1;
			};
			name = Release;
		};
		FA637BD829A9D8F9007C5C9A /* Debug */ = {
			isa = XCBuildConfiguration;
			buildSettings = {
				BUNDLE_LOADER = "$(TEST_HOST)";
				CODE_SIGN_STYLE = Automatic;
				CURRENT_PROJECT_VERSION = 1;
				DEVELOPMENT_TEAM = 7PY6R5573V;
				GENERATE_INFOPLIST_FILE = YES;
				MARKETING_VERSION = 1.0;
				PRODUCT_BUNDLE_IDENTIFIER = ru.yandex.practicum.ArrayTests;
				PRODUCT_NAME = "$(TARGET_NAME)";
				SWIFT_EMIT_LOC_STRINGS = NO;
				SWIFT_VERSION = 5.0;
				TARGETED_DEVICE_FAMILY = "1,2";
				TEST_HOST = "$(BUILT_PRODUCTS_DIR)/MovieQuiz.app/MovieQuiz";
			};
			name = Debug;
		};
		FA637BD929A9D8F9007C5C9A /* Release */ = {
			isa = XCBuildConfiguration;
			buildSettings = {
				BUNDLE_LOADER = "$(TEST_HOST)";
				CODE_SIGN_STYLE = Automatic;
				CURRENT_PROJECT_VERSION = 1;
				DEVELOPMENT_TEAM = 7PY6R5573V;
				GENERATE_INFOPLIST_FILE = YES;
				MARKETING_VERSION = 1.0;
				PRODUCT_BUNDLE_IDENTIFIER = ru.yandex.practicum.ArrayTests;
				PRODUCT_NAME = "$(TARGET_NAME)";
				SWIFT_EMIT_LOC_STRINGS = NO;
				SWIFT_VERSION = 5.0;
				TARGETED_DEVICE_FAMILY = "1,2";
				TEST_HOST = "$(BUILT_PRODUCTS_DIR)/MovieQuiz.app/MovieQuiz";
			};
			name = Release;
		};
		FA637BE629A9EC16007C5C9A /* Debug */ = {
			isa = XCBuildConfiguration;
			buildSettings = {
				BUNDLE_LOADER = "$(TEST_HOST)";
				CODE_SIGN_STYLE = Automatic;
				CURRENT_PROJECT_VERSION = 1;
				DEVELOPMENT_TEAM = 7PY6R5573V;
				GENERATE_INFOPLIST_FILE = YES;
				MARKETING_VERSION = 1.0;
				PRODUCT_BUNDLE_IDENTIFIER = ru.yandex.practicum.MoviesLoaderTests;
				PRODUCT_NAME = "$(TARGET_NAME)";
				SWIFT_EMIT_LOC_STRINGS = NO;
				SWIFT_VERSION = 5.0;
				TARGETED_DEVICE_FAMILY = "1,2";
				TEST_HOST = "$(BUILT_PRODUCTS_DIR)/MovieQuiz.app/MovieQuiz";
			};
			name = Debug;
		};
		FA637BE729A9EC16007C5C9A /* Release */ = {
			isa = XCBuildConfiguration;
			buildSettings = {
				BUNDLE_LOADER = "$(TEST_HOST)";
				CODE_SIGN_STYLE = Automatic;
				CURRENT_PROJECT_VERSION = 1;
				DEVELOPMENT_TEAM = 7PY6R5573V;
				GENERATE_INFOPLIST_FILE = YES;
				MARKETING_VERSION = 1.0;
				PRODUCT_BUNDLE_IDENTIFIER = ru.yandex.practicum.MoviesLoaderTests;
				PRODUCT_NAME = "$(TARGET_NAME)";
				SWIFT_EMIT_LOC_STRINGS = NO;
				SWIFT_VERSION = 5.0;
				TARGETED_DEVICE_FAMILY = "1,2";
				TEST_HOST = "$(BUILT_PRODUCTS_DIR)/MovieQuiz.app/MovieQuiz";
			};
			name = Release;
		};
		FA637BF629A9F5FF007C5C9A /* Debug */ = {
			isa = XCBuildConfiguration;
			buildSettings = {
				CODE_SIGN_STYLE = Automatic;
				CURRENT_PROJECT_VERSION = 1;
				DEVELOPMENT_TEAM = 7PY6R5573V;
				GENERATE_INFOPLIST_FILE = YES;
				MARKETING_VERSION = 1.0;
				PRODUCT_BUNDLE_IDENTIFIER = ru.yandex.practicum.MovieQuizUITests;
				PRODUCT_NAME = "$(TARGET_NAME)";
				SWIFT_EMIT_LOC_STRINGS = NO;
				SWIFT_VERSION = 5.0;
				TARGETED_DEVICE_FAMILY = "1,2";
				TEST_TARGET_NAME = MovieQuiz;
			};
			name = Debug;
		};
		FA637BF729A9F5FF007C5C9A /* Release */ = {
			isa = XCBuildConfiguration;
			buildSettings = {
				CODE_SIGN_STYLE = Automatic;
				CURRENT_PROJECT_VERSION = 1;
				DEVELOPMENT_TEAM = 7PY6R5573V;
				GENERATE_INFOPLIST_FILE = YES;
				MARKETING_VERSION = 1.0;
				PRODUCT_BUNDLE_IDENTIFIER = ru.yandex.practicum.MovieQuizUITests;
				PRODUCT_NAME = "$(TARGET_NAME)";
				SWIFT_EMIT_LOC_STRINGS = NO;
				SWIFT_VERSION = 5.0;
				TARGETED_DEVICE_FAMILY = "1,2";
				TEST_TARGET_NAME = MovieQuiz;
			};
			name = Release;
		};
		FA9D373729A96FC900FE46F5 /* Debug */ = {
			isa = XCBuildConfiguration;
			buildSettings = {
				BUNDLE_LOADER = "$(TEST_HOST)";
				CODE_SIGN_STYLE = Automatic;
				CURRENT_PROJECT_VERSION = 1;
				DEVELOPMENT_TEAM = 7PY6R5573V;
				GENERATE_INFOPLIST_FILE = YES;
				MARKETING_VERSION = 1.0;
				PRODUCT_BUNDLE_IDENTIFIER = ru.yandex.practicum.MovieQuizTests;
				PRODUCT_NAME = "$(TARGET_NAME)";
				SWIFT_EMIT_LOC_STRINGS = NO;
				SWIFT_VERSION = 5.0;
				TARGETED_DEVICE_FAMILY = "1,2";
				TEST_HOST = "$(BUILT_PRODUCTS_DIR)/MovieQuiz.app/MovieQuiz";
			};
			name = Debug;
		};
		FA9D373829A96FC900FE46F5 /* Release */ = {
			isa = XCBuildConfiguration;
			buildSettings = {
				BUNDLE_LOADER = "$(TEST_HOST)";
				CODE_SIGN_STYLE = Automatic;
				CURRENT_PROJECT_VERSION = 1;
				DEVELOPMENT_TEAM = 7PY6R5573V;
				GENERATE_INFOPLIST_FILE = YES;
				MARKETING_VERSION = 1.0;
				PRODUCT_BUNDLE_IDENTIFIER = ru.yandex.practicum.MovieQuizTests;
				PRODUCT_NAME = "$(TARGET_NAME)";
				SWIFT_EMIT_LOC_STRINGS = NO;
				SWIFT_VERSION = 5.0;
				TARGETED_DEVICE_FAMILY = "1,2";
				TEST_HOST = "$(BUILT_PRODUCTS_DIR)/MovieQuiz.app/MovieQuiz";
			};
			name = Release;
		};
/* End XCBuildConfiguration section */

/* Begin XCConfigurationList section */
		AD1ABAA92831907B00B3E448 /* Build configuration list for PBXProject "MovieQuiz" */ = {
			isa = XCConfigurationList;
			buildConfigurations = (
				AD1ABAC02831907F00B3E448 /* Debug */,
				AD1ABAC12831907F00B3E448 /* Release */,
			);
			defaultConfigurationIsVisible = 0;
			defaultConfigurationName = Release;
		};
		AD1ABAC22831907F00B3E448 /* Build configuration list for PBXNativeTarget "MovieQuiz" */ = {
			isa = XCConfigurationList;
			buildConfigurations = (
				AD1ABAC32831907F00B3E448 /* Debug */,
				AD1ABAC42831907F00B3E448 /* Release */,
			);
			defaultConfigurationIsVisible = 0;
			defaultConfigurationName = Release;
		};
		FA637BD729A9D8F9007C5C9A /* Build configuration list for PBXNativeTarget "ArrayTests" */ = {
			isa = XCConfigurationList;
			buildConfigurations = (
				FA637BD829A9D8F9007C5C9A /* Debug */,
				FA637BD929A9D8F9007C5C9A /* Release */,
			);
			defaultConfigurationIsVisible = 0;
			defaultConfigurationName = Release;
		};
		FA637BE529A9EC16007C5C9A /* Build configuration list for PBXNativeTarget "MoviesLoaderTests" */ = {
			isa = XCConfigurationList;
			buildConfigurations = (
				FA637BE629A9EC16007C5C9A /* Debug */,
				FA637BE729A9EC16007C5C9A /* Release */,
			);
			defaultConfigurationIsVisible = 0;
			defaultConfigurationName = Release;
		};
		FA637BF529A9F5FF007C5C9A /* Build configuration list for PBXNativeTarget "MovieQuizUITests" */ = {
			isa = XCConfigurationList;
			buildConfigurations = (
				FA637BF629A9F5FF007C5C9A /* Debug */,
				FA637BF729A9F5FF007C5C9A /* Release */,
			);
			defaultConfigurationIsVisible = 0;
			defaultConfigurationName = Release;
		};
		FA9D373629A96FC900FE46F5 /* Build configuration list for PBXNativeTarget "MovieQuizTests" */ = {
			isa = XCConfigurationList;
			buildConfigurations = (
				FA9D373729A96FC900FE46F5 /* Debug */,
				FA9D373829A96FC900FE46F5 /* Release */,
			);
			defaultConfigurationIsVisible = 0;
			defaultConfigurationName = Release;
		};
/* End XCConfigurationList section */
	};
	rootObject = AD1ABAA62831907B00B3E448 /* Project object */;
}
